// !$*UTF8*$!
{
	archiveVersion = 1;
	classes = {
	};
	objectVersion = 46;
	objects = {

/* Begin PBXBuildFile section */
		D4F55D311D0E5D8A0017638B /* AppDelegate.swift in Sources */ = {isa = PBXBuildFile; fileRef = D4F55D301D0E5D8A0017638B /* AppDelegate.swift */; };
		D4F55D331D0E5D8A0017638B /* FirstViewController.swift in Sources */ = {isa = PBXBuildFile; fileRef = D4F55D321D0E5D8A0017638B /* FirstViewController.swift */; };
		D4F55D351D0E5D8A0017638B /* SecondViewController.swift in Sources */ = {isa = PBXBuildFile; fileRef = D4F55D341D0E5D8A0017638B /* SecondViewController.swift */; };
		D4F55D381D0E5D8A0017638B /* Main.storyboard in Resources */ = {isa = PBXBuildFile; fileRef = D4F55D361D0E5D8A0017638B /* Main.storyboard */; };
		D4F55D3A1D0E5D8A0017638B /* Assets.xcassets in Resources */ = {isa = PBXBuildFile; fileRef = D4F55D391D0E5D8A0017638B /* Assets.xcassets */; };
		D4F55D3D1D0E5D8A0017638B /* LaunchScreen.storyboard in Resources */ = {isa = PBXBuildFile; fileRef = D4F55D3B1D0E5D8A0017638B /* LaunchScreen.storyboard */; };
/* End PBXBuildFile section */

/* Begin PBXFileReference section */
		D4F55D2D1D0E5D8A0017638B /* smart_life.app */ = {isa = PBXFileReference; explicitFileType = wrapper.application; includeInIndex = 0; path = smart_life.app; sourceTree = BUILT_PRODUCTS_DIR; };
		D4F55D301D0E5D8A0017638B /* AppDelegate.swift */ = {isa = PBXFileReference; lastKnownFileType = sourcecode.swift; path = AppDelegate.swift; sourceTree = "<group>"; };
		D4F55D321D0E5D8A0017638B /* FirstViewController.swift */ = {isa = PBXFileReference; lastKnownFileType = sourcecode.swift; path = FirstViewController.swift; sourceTree = "<group>"; };
		D4F55D341D0E5D8A0017638B /* SecondViewController.swift */ = {isa = PBXFileReference; lastKnownFileType = sourcecode.swift; path = SecondViewController.swift; sourceTree = "<group>"; };
		D4F55D371D0E5D8A0017638B /* Base */ = {isa = PBXFileReference; lastKnownFileType = file.storyboard; name = Base; path = Base.lproj/Main.storyboard; sourceTree = "<group>"; };
		D4F55D391D0E5D8A0017638B /* Assets.xcassets */ = {isa = PBXFileReference; lastKnownFileType = folder.assetcatalog; path = Assets.xcassets; sourceTree = "<group>"; };
		D4F55D3C1D0E5D8A0017638B /* Base */ = {isa = PBXFileReference; lastKnownFileType = file.storyboard; name = Base; path = Base.lproj/LaunchScreen.storyboard; sourceTree = "<group>"; };
		D4F55D3E1D0E5D8A0017638B /* Info.plist */ = {isa = PBXFileReference; lastKnownFileType = text.plist.xml; path = Info.plist; sourceTree = "<group>"; };
/* End PBXFileReference section */

/* Begin PBXFrameworksBuildPhase section */
		D4F55D2A1D0E5D8A0017638B /* Frameworks */ = {
			isa = PBXFrameworksBuildPhase;
			buildActionMask = 2147483647;
			files = (
			);
			runOnlyForDeploymentPostprocessing = 0;
		};
/* End PBXFrameworksBuildPhase section */

/* Begin PBXGroup section */
		D4F55D241D0E5D8A0017638B = {
			isa = PBXGroup;
			children = (
				D4F55D2F1D0E5D8A0017638B /* smart_life */,
				D4F55D2E1D0E5D8A0017638B /* Products */,
			);
			sourceTree = "<group>";
		};
		D4F55D2E1D0E5D8A0017638B /* Products */ = {
			isa = PBXGroup;
			children = (
				D4F55D2D1D0E5D8A0017638B /* smart_life.app */,
			);
			name = Products;
			sourceTree = "<group>";
		};
		D4F55D2F1D0E5D8A0017638B /* smart_life */ = {
			isa = PBXGroup;
			children = (
				D4F55D301D0E5D8A0017638B /* AppDelegate.swift */,
				D4F55D321D0E5D8A0017638B /* FirstViewController.swift */,
				D4F55D341D0E5D8A0017638B /* SecondViewController.swift */,
				D4F55D361D0E5D8A0017638B /* Main.storyboard */,
				D4F55D391D0E5D8A0017638B /* Assets.xcassets */,
				D4F55D3B1D0E5D8A0017638B /* LaunchScreen.storyboard */,
				D4F55D3E1D0E5D8A0017638B /* Info.plist */,
			);
			path = smart_life;
			sourceTree = "<group>";
		};
/* End PBXGroup section */

/* Begin PBXNativeTarget section */
		D4F55D2C1D0E5D8A0017638B /* smart_life */ = {
			isa = PBXNativeTarget;
			buildConfigurationList = D4F55D411D0E5D8A0017638B /* Build configuration list for PBXNativeTarget "smart_life" */;
			buildPhases = (
				D4F55D291D0E5D8A0017638B /* Sources */,
				D4F55D2A1D0E5D8A0017638B /* Frameworks */,
				D4F55D2B1D0E5D8A0017638B /* Resources */,
			);
			buildRules = (
			);
			dependencies = (
			);
			name = smart_life;
			productName = smart_life;
			productReference = D4F55D2D1D0E5D8A0017638B /* smart_life.app */;
			productType = "com.apple.product-type.application";
		};
/* End PBXNativeTarget section */

/* Begin PBXProject section */
		D4F55D251D0E5D8A0017638B /* Project object */ = {
			isa = PBXProject;
			attributes = {
				LastSwiftUpdateCheck = 0730;
				LastUpgradeCheck = 0730;
				ORGANIZATIONNAME = "张留刚";
				TargetAttributes = {
					D4F55D2C1D0E5D8A0017638B = {
						CreatedOnToolsVersion = 7.3.1;
					};
				};
			};
			buildConfigurationList = D4F55D281D0E5D8A0017638B /* Build configuration list for PBXProject "smart_life" */;
			compatibilityVersion = "Xcode 3.2";
			developmentRegion = English;
			hasScannedForEncodings = 0;
			knownRegions = (
				en,
				Base,
			);
			mainGroup = D4F55D241D0E5D8A0017638B;
			productRefGroup = D4F55D2E1D0E5D8A0017638B /* Products */;
			projectDirPath = "";
			projectRoot = "";
			targets = (
				D4F55D2C1D0E5D8A0017638B /* smart_life */,
			);
		};
/* End PBXProject section */

/* Begin PBXResourcesBuildPhase section */
		D4F55D2B1D0E5D8A0017638B /* Resources */ = {
			isa = PBXResourcesBuildPhase;
			buildActionMask = 2147483647;
			files = (
				D4F55D3D1D0E5D8A0017638B /* LaunchScreen.storyboard in Resources */,
				D4F55D3A1D0E5D8A0017638B /* Assets.xcassets in Resources */,
				D4F55D381D0E5D8A0017638B /* Main.storyboard in Resources */,
			);
			runOnlyForDeploymentPostprocessing = 0;
		};
/* End PBXResourcesBuildPhase section */

/* Begin PBXSourcesBuildPhase section */
		D4F55D291D0E5D8A0017638B /* Sources */ = {
			isa = PBXSourcesBuildPhase;
			buildActionMask = 2147483647;
			files = (
				D4F55D351D0E5D8A0017638B /* SecondViewController.swift in Sources */,
				D4F55D311D0E5D8A0017638B /* AppDelegate.swift in Sources */,
				D4F55D331D0E5D8A0017638B /* FirstViewController.swift in Sources */,
			);
			runOnlyForDeploymentPostprocessing = 0;
		};
/* End PBXSourcesBuildPhase section */

/* Begin PBXVariantGroup section */
		D4F55D361D0E5D8A0017638B /* Main.storyboard */ = {
			isa = PBXVariantGroup;
			children = (
				D4F55D371D0E5D8A0017638B /* Base */,
			);
			name = Main.storyboard;
			sourceTree = "<group>";
		};
		D4F55D3B1D0E5D8A0017638B /* LaunchScreen.storyboard */ = {
			isa = PBXVariantGroup;
			children = (
				D4F55D3C1D0E5D8A0017638B /* Base */,
			);
			name = LaunchScreen.storyboard;
			sourceTree = "<group>";
		};
/* End PBXVariantGroup section */

/* Begin XCBuildConfiguration section */
		D4F55D3F1D0E5D8A0017638B /* Debug */ = {
			isa = XCBuildConfiguration;
			buildSettings = {
				ALWAYS_SEARCH_USER_PATHS = NO;
				CLANG_ANALYZER_NONNULL = YES;
				CLANG_CXX_LANGUAGE_STANDARD = "gnu++0x";
				CLANG_CXX_LIBRARY = "libc++";
				CLANG_ENABLE_MODULES = YES;
				CLANG_ENABLE_OBJC_ARC = YES;
				CLANG_WARN_BOOL_CONVERSION = YES;
				CLANG_WARN_CONSTANT_CONVERSION = YES;
				CLANG_WARN_DIRECT_OBJC_ISA_USAGE = YES_ERROR;
				CLANG_WARN_EMPTY_BODY = YES;
				CLANG_WARN_ENUM_CONVERSION = YES;
				CLANG_WARN_INT_CONVERSION = YES;
				CLANG_WARN_OBJC_ROOT_CLASS = YES_ERROR;
				CLANG_WARN_UNREACHABLE_CODE = YES;
				CLANG_WARN__DUPLICATE_METHOD_MATCH = YES;
				"CODE_SIGN_IDENTITY[sdk=iphoneos*]" = "iPhone Developer";
				COPY_PHASE_STRIP = NO;
				DEBUG_INFORMATION_FORMAT = dwarf;
				ENABLE_STRICT_OBJC_MSGSEND = YES;
				ENABLE_TESTABILITY = YES;
				GCC_C_LANGUAGE_STANDARD = gnu99;
				GCC_DYNAMIC_NO_PIC = NO;
				GCC_NO_COMMON_BLOCKS = YES;
				GCC_OPTIMIZATION_LEVEL = 0;
				GCC_PREPROCESSOR_DEFINITIONS = (
					"DEBUG=1",
					"$(inherited)",
				);
				GCC_WARN_64_TO_32_BIT_CONVERSION = YES;
				GCC_WARN_ABOUT_RETURN_TYPE = YES_ERROR;
				GCC_WARN_UNDECLARED_SELECTOR = YES;
				GCC_WARN_UNINITIALIZED_AUTOS = YES_AGGRESSIVE;
				GCC_WARN_UNUSED_FUNCTION = YES;
				GCC_WARN_UNUSED_VARIABLE = YES;
				IPHONEOS_DEPLOYMENT_TARGET = 9.3;
				MTL_ENABLE_DEBUG_INFO = YES;
				ONLY_ACTIVE_ARCH = YES;
				SDKROOT = iphoneos;
				SWIFT_OPTIMIZATION_LEVEL = "-Onone";
			};
			name = Debug;
		};
		D4F55D401D0E5D8A0017638B /* Release */ = {
			isa = XCBuildConfiguration;
			buildSettings = {
				ALWAYS_SEARCH_USER_PATHS = NO;
				CLANG_ANALYZER_NONNULL = YES;
				CLANG_CXX_LANGUAGE_STANDARD = "gnu++0x";
				CLANG_CXX_LIBRARY = "libc++";
				CLANG_ENABLE_MODULES = YES;
				CLANG_ENABLE_OBJC_ARC = YES;
				CLANG_WARN_BOOL_CONVERSION = YES;
				CLANG_WARN_CONSTANT_CONVERSION = YES;
				CLANG_WARN_DIRECT_OBJC_ISA_USAGE = YES_ERROR;
				CLANG_WARN_EMPTY_BODY = YES;
				CLANG_WARN_ENUM_CONVERSION = YES;
				CLANG_WARN_INT_CONVERSION = YES;
				CLANG_WARN_OBJC_ROOT_CLASS = YES_ERROR;
				CLANG_WARN_UNREACHABLE_CODE = YES;
				CLANG_WARN__DUPLICATE_METHOD_MATCH = YES;
				"CODE_SIGN_IDENTITY[sdk=iphoneos*]" = "iPhone Developer";
				COPY_PHASE_STRIP = NO;
				DEBUG_INFORMATION_FORMAT = "dwarf-with-dsym";
				ENABLE_NS_ASSERTIONS = NO;
				ENABLE_STRICT_OBJC_MSGSEND = YES;
				GCC_C_LANGUAGE_STANDARD = gnu99;
				GCC_NO_COMMON_BLOCKS = YES;
				GCC_WARN_64_TO_32_BIT_CONVERSION = YES;
				GCC_WARN_ABOUT_RETURN_TYPE = YES_ERROR;
				GCC_WARN_UNDECLARED_SELECTOR = YES;
				GCC_WARN_UNINITIALIZED_AUTOS = YES_AGGRESSIVE;
				GCC_WARN_UNUSED_FUNCTION = YES;
				GCC_WARN_UNUSED_VARIABLE = YES;
				IPHONEOS_DEPLOYMENT_TARGET = 9.3;
				MTL_ENABLE_DEBUG_INFO = NO;
				SDKROOT = iphoneos;
				VALIDATE_PRODUCT = YES;
			};
			name = Release;
		};
		D4F55D421D0E5D8A0017638B /* Debug */ = {
			isa = XCBuildConfiguration;
			buildSettings = {
				ASSETCATALOG_COMPILER_APPICON_NAME = AppIcon;
				INFOPLIST_FILE = smart_life/Info.plist;
				IPHONEOS_DEPLOYMENT_TARGET = 9.0;
				LD_RUNPATH_SEARCH_PATHS = "$(inherited) @executable_path/Frameworks";
				PRODUCT_BUNDLE_IDENTIFIER = "cn.dtby.smart-life";
				PRODUCT_NAME = "$(TARGET_NAME)";
			};
			name = Debug;
		};
		D4F55D431D0E5D8A0017638B /* Release */ = {
			isa = XCBuildConfiguration;
			buildSettings = {
				ASSETCATALOG_COMPILER_APPICON_NAME = AppIcon;
				INFOPLIST_FILE = smart_life/Info.plist;
				IPHONEOS_DEPLOYMENT_TARGET = 9.0;
				LD_RUNPATH_SEARCH_PATHS = "$(inherited) @executable_path/Frameworks";
				PRODUCT_BUNDLE_IDENTIFIER = "cn.dtby.smart-life";
				PRODUCT_NAME = "$(TARGET_NAME)";
			};
			name = Release;
		};
/* End XCBuildConfiguration section */

/* Begin XCConfigurationList section */
		D4F55D281D0E5D8A0017638B /* Build configuration list for PBXProject "smart_life" */ = {
			isa = XCConfigurationList;
			buildConfigurations = (
				D4F55D3F1D0E5D8A0017638B /* Debug */,
				D4F55D401D0E5D8A0017638B /* Release */,
			);
			defaultConfigurationIsVisible = 0;
			defaultConfigurationName = Release;
		};
		D4F55D411D0E5D8A0017638B /* Build configuration list for PBXNativeTarget "smart_life" */ = {
			isa = XCConfigurationList;
			buildConfigurations = (
				D4F55D421D0E5D8A0017638B /* Debug */,
				D4F55D431D0E5D8A0017638B /* Release */,
			);
			defaultConfigurationIsVisible = 0;
		};
/* End XCConfigurationList section */
	};
	rootObject = D4F55D251D0E5D8A0017638B /* Project object */;
}
