// !$*UTF8*$!
{
	archiveVersion = 1;
	classes = {
	};
	objectVersion = 46;
	objects = {

/* Begin PBXBuildFile section */
		306646CA6EB2B1749D360B82 /* Pods_smart_life.framework in Frameworks */ = {isa = PBXBuildFile; fileRef = 37C4FB042CD31E153FBEC1B7 /* Pods_smart_life.framework */; };
		D404DDD51D4263E9003586C4 /* IndentViewController.swift in Sources */ = {isa = PBXBuildFile; fileRef = D404DDD41D4263E9003586C4 /* IndentViewController.swift */; };
		D404DDD71D4268BD003586C4 /* IndentCell.swift in Sources */ = {isa = PBXBuildFile; fileRef = D404DDD61D4268BD003586C4 /* IndentCell.swift */; };
		D404DDDC1D427CAF003586C4 /* PayViewController.swift in Sources */ = {isa = PBXBuildFile; fileRef = D404DDDB1D427CAF003586C4 /* PayViewController.swift */; };
		D404DDDE1D434FA5003586C4 /* IndentCellModel.swift in Sources */ = {isa = PBXBuildFile; fileRef = D404DDDD1D434FA5003586C4 /* IndentCellModel.swift */; };
		D404DDE11D43C89F003586C4 /* NewAddressViewController.swift in Sources */ = {isa = PBXBuildFile; fileRef = D404DDE01D43C89F003586C4 /* NewAddressViewController.swift */; };
		D404DDE31D446503003586C4 /* address.plist in Resources */ = {isa = PBXBuildFile; fileRef = D404DDE21D446503003586C4 /* address.plist */; };
		D404DDE71D44AEF1003586C4 /* addressPlot.swift in Sources */ = {isa = PBXBuildFile; fileRef = D404DDE61D44AEF1003586C4 /* addressPlot.swift */; };
		D404DDEA1D44FB5C003586C4 /* SignInViewController.swift in Sources */ = {isa = PBXBuildFile; fileRef = D404DDE91D44FB5C003586C4 /* SignInViewController.swift */; };
		D404DDEC1D44FB6B003586C4 /* SignUpViewController.swift in Sources */ = {isa = PBXBuildFile; fileRef = D404DDEB1D44FB6B003586C4 /* SignUpViewController.swift */; };
		D404DDEF1D459CC0003586C4 /* form.swift in Sources */ = {isa = PBXBuildFile; fileRef = D404DDEE1D459CC0003586C4 /* form.swift */; };
		D404DDF11D459CF2003586C4 /* form.xib in Resources */ = {isa = PBXBuildFile; fileRef = D404DDF01D459CF2003586C4 /* form.xib */; };
		D404DDF41D45C632003586C4 /* ClauseViewController.swift in Sources */ = {isa = PBXBuildFile; fileRef = D404DDF31D45C632003586C4 /* ClauseViewController.swift */; };
		D404DDF61D4648F6003586C4 /* alertFrameS.swift in Sources */ = {isa = PBXBuildFile; fileRef = D404DDF51D4648F6003586C4 /* alertFrameS.swift */; };
		D404DDF81D464910003586C4 /* alertFrameS.xib in Resources */ = {isa = PBXBuildFile; fileRef = D404DDF71D464910003586C4 /* alertFrameS.xib */; };
		D404DDFA1D46575E003586C4 /* DealViewController.swift in Sources */ = {isa = PBXBuildFile; fileRef = D404DDF91D46575E003586C4 /* DealViewController.swift */; };
		D406F4821D3F1B9B00236EA6 /* OrderBtnTwo.swift in Sources */ = {isa = PBXBuildFile; fileRef = D406F4811D3F1B9B00236EA6 /* OrderBtnTwo.swift */; };
		D406F4841D3F1BFC00236EA6 /* OrderBtnTwo.xib in Resources */ = {isa = PBXBuildFile; fileRef = D406F4831D3F1BFC00236EA6 /* OrderBtnTwo.xib */; };
		D406F4871D3F22AD00236EA6 /* alertFrame.xib in Resources */ = {isa = PBXBuildFile; fileRef = D406F4861D3F22AD00236EA6 /* alertFrame.xib */; };
		D406F4891D3F22C500236EA6 /* alertFrame.swift in Sources */ = {isa = PBXBuildFile; fileRef = D406F4881D3F22C500236EA6 /* alertFrame.swift */; };
		D417C4271D2108BB00955C30 /* WaterFlowViewController.swift in Sources */ = {isa = PBXBuildFile; fileRef = D417C4261D2108BB00955C30 /* WaterFlowViewController.swift */; };
		D41ADD9D1D38145000534E6A /* MyCell.swift in Sources */ = {isa = PBXBuildFile; fileRef = D41ADD9C1D38145000534E6A /* MyCell.swift */; };
		D41ADD9F1D38146600534E6A /* MyCell.xib in Resources */ = {isa = PBXBuildFile; fileRef = D41ADD9E1D38146600534E6A /* MyCell.xib */; };
		D44135DE1D1927DB00072099 /* ListTableViewController.swift in Sources */ = {isa = PBXBuildFile; fileRef = D44135DD1D1927DB00072099 /* ListTableViewController.swift */; };
		D44135E31D1A3A5400072099 /* AddressCell.swift in Sources */ = {isa = PBXBuildFile; fileRef = D44135E21D1A3A5400072099 /* AddressCell.swift */; };
		D44135E51D1A5C4500072099 /* UIView+BHBFreeBorder.swift in Sources */ = {isa = PBXBuildFile; fileRef = D44135E41D1A5C4500072099 /* UIView+BHBFreeBorder.swift */; };
		D44135E71D1A749400072099 /* AddressTableViewController.swift in Sources */ = {isa = PBXBuildFile; fileRef = D44135E61D1A749400072099 /* AddressTableViewController.swift */; };
		D44135E91D1A758700072099 /* AddressModel.swift in Sources */ = {isa = PBXBuildFile; fileRef = D44135E81D1A758700072099 /* AddressModel.swift */; };
		D4486ECB1D38965500BB8984 /* MyOrderTableViewController.swift in Sources */ = {isa = PBXBuildFile; fileRef = D4486ECA1D38965500BB8984 /* MyOrderTableViewController.swift */; };
		D4486ECE1D3899FF00BB8984 /* MyOrderTableViewCell.swift in Sources */ = {isa = PBXBuildFile; fileRef = D4486ECD1D3899FF00BB8984 /* MyOrderTableViewCell.swift */; };
		D4486ED01D389D4D00BB8984 /* MyIndentTableViewController.swift in Sources */ = {isa = PBXBuildFile; fileRef = D4486ECF1D389D4D00BB8984 /* MyIndentTableViewController.swift */; };
		D4486ED31D389D6900BB8984 /* MyIndentTableViewCell.swift in Sources */ = {isa = PBXBuildFile; fileRef = D4486ED21D389D6900BB8984 /* MyIndentTableViewCell.swift */; };
		D46DBB0E1D2B8135009519A0 /* HomeTabCollectionViewCell2.swift in Sources */ = {isa = PBXBuildFile; fileRef = D46DBB0C1D2B8135009519A0 /* HomeTabCollectionViewCell2.swift */; };
		D46DBB0F1D2B8135009519A0 /* HomeTabCollectionViewCell2.xib in Resources */ = {isa = PBXBuildFile; fileRef = D46DBB0D1D2B8135009519A0 /* HomeTabCollectionViewCell2.xib */; };
		D46DBB141D2B8174009519A0 /* HomeTabCollectionViewCell3.swift in Sources */ = {isa = PBXBuildFile; fileRef = D46DBB121D2B8174009519A0 /* HomeTabCollectionViewCell3.swift */; };
		D46DBB151D2B8174009519A0 /* HomeTabCollectionViewCell3.xib in Resources */ = {isa = PBXBuildFile; fileRef = D46DBB131D2B8174009519A0 /* HomeTabCollectionViewCell3.xib */; };
		D46DBB1A1D2B819C009519A0 /* HomeTabCollectionViewCell4.swift in Sources */ = {isa = PBXBuildFile; fileRef = D46DBB181D2B819C009519A0 /* HomeTabCollectionViewCell4.swift */; };
		D46DBB1B1D2B819C009519A0 /* HomeTabCollectionViewCell4.xib in Resources */ = {isa = PBXBuildFile; fileRef = D46DBB191D2B819C009519A0 /* HomeTabCollectionViewCell4.xib */; };
		D46DBB1E1D2B81AB009519A0 /* HomeTabCollectionViewCell5.swift in Sources */ = {isa = PBXBuildFile; fileRef = D46DBB1C1D2B81AB009519A0 /* HomeTabCollectionViewCell5.swift */; };
		D46DBB1F1D2B81AB009519A0 /* HomeTabCollectionViewCell5.xib in Resources */ = {isa = PBXBuildFile; fileRef = D46DBB1D1D2B81AB009519A0 /* HomeTabCollectionViewCell5.xib */; };
		D46DBB241D2B81C7009519A0 /* HomeTabCollectionViewCell7.swift in Sources */ = {isa = PBXBuildFile; fileRef = D46DBB221D2B81C7009519A0 /* HomeTabCollectionViewCell7.swift */; };
		D46DBB251D2B81C7009519A0 /* HomeTabCollectionViewCell7.xib in Resources */ = {isa = PBXBuildFile; fileRef = D46DBB231D2B81C7009519A0 /* HomeTabCollectionViewCell7.xib */; };
		D46DBB2A1D2B8274009519A0 /* HomeTabCollectionViewCell6.swift in Sources */ = {isa = PBXBuildFile; fileRef = D46DBB281D2B8274009519A0 /* HomeTabCollectionViewCell6.swift */; };
		D46DBB2B1D2B8274009519A0 /* HomeTabCollectionViewCell6.xib in Resources */ = {isa = PBXBuildFile; fileRef = D46DBB291D2B8274009519A0 /* HomeTabCollectionViewCell6.xib */; };
		D46DBB2E1D2B8288009519A0 /* HomeTabCollectionViewCell8.swift in Sources */ = {isa = PBXBuildFile; fileRef = D46DBB2C1D2B8288009519A0 /* HomeTabCollectionViewCell8.swift */; };
		D46DBB2F1D2B8288009519A0 /* HomeTabCollectionViewCell8.xib in Resources */ = {isa = PBXBuildFile; fileRef = D46DBB2D1D2B8288009519A0 /* HomeTabCollectionViewCell8.xib */; };
		D46DBB371D2BA0C7009519A0 /* HomeCollectionViewController.swift in Sources */ = {isa = PBXBuildFile; fileRef = D46DBB361D2BA0C7009519A0 /* HomeCollectionViewController.swift */; };
		D4748B211D30A103002B9179 /* HomeController.swift in Sources */ = {isa = PBXBuildFile; fileRef = D4748B201D30A103002B9179 /* HomeController.swift */; };
		D48B2BFF1D405D34003208DB /* GoodsDetailViewController.swift in Sources */ = {isa = PBXBuildFile; fileRef = D48B2BFE1D405D34003208DB /* GoodsDetailViewController.swift */; };
		D491F1D51D3C6AE100D7FA11 /* MyDataTableViewController.swift in Sources */ = {isa = PBXBuildFile; fileRef = D491F1D41D3C6AE100D7FA11 /* MyDataTableViewController.swift */; };
		D49CEADB1D240C59003D2737 /* Helpers.swift in Sources */ = {isa = PBXBuildFile; fileRef = D49CEADA1D240C59003D2737 /* Helpers.swift */; };
		D4B43AB41D35D6E60023887E /* HealthPart1ViewController.swift in Sources */ = {isa = PBXBuildFile; fileRef = D4B43AB31D35D6E60023887E /* HealthPart1ViewController.swift */; };
		D4B43AB61D35D6F80023887E /* HealthPart2ViewController.swift in Sources */ = {isa = PBXBuildFile; fileRef = D4B43AB51D35D6F80023887E /* HealthPart2ViewController.swift */; };
		D4B43AB81D35D7090023887E /* HealthPart3ViewController.swift in Sources */ = {isa = PBXBuildFile; fileRef = D4B43AB71D35D7090023887E /* HealthPart3ViewController.swift */; };
		D4B43ABA1D3615B70023887E /* CommunityViewController.swift in Sources */ = {isa = PBXBuildFile; fileRef = D4B43AB91D3615B70023887E /* CommunityViewController.swift */; };
		D4B43ABD1D3645490023887E /* HealthPart2TableViewCell.swift in Sources */ = {isa = PBXBuildFile; fileRef = D4B43ABC1D3645490023887E /* HealthPart2TableViewCell.swift */; };
		D4B43ABF1D368B760023887E /* HealthPart3TableViewCell.swift in Sources */ = {isa = PBXBuildFile; fileRef = D4B43ABE1D368B760023887E /* HealthPart3TableViewCell.swift */; };
		D4B43AC11D3695C20023887E /* FitnessTableViewController.swift in Sources */ = {isa = PBXBuildFile; fileRef = D4B43AC01D3695C20023887E /* FitnessTableViewController.swift */; };
		D4B43ACC1D3724910023887E /* OrderBtn.swift in Sources */ = {isa = PBXBuildFile; fileRef = D4B43ACB1D3724910023887E /* OrderBtn.swift */; };
		D4B43AD01D3725450023887E /* OrderBtn.xib in Resources */ = {isa = PBXBuildFile; fileRef = D4B43ACF1D3725450023887E /* OrderBtn.xib */; };
		D4B43AD31D372BEC0023887E /* NibDesignable.swift in Sources */ = {isa = PBXBuildFile; fileRef = D4B43AD21D372BEC0023887E /* NibDesignable.swift */; };
		D4B43AD51D373BD00023887E /* FitnessTableViewCell.swift in Sources */ = {isa = PBXBuildFile; fileRef = D4B43AD41D373BD00023887E /* FitnessTableViewCell.swift */; };
		D4B43AD71D374D090023887E /* ITPart1ViewController.swift in Sources */ = {isa = PBXBuildFile; fileRef = D4B43AD61D374D090023887E /* ITPart1ViewController.swift */; };
		D4B43AD91D374D900023887E /* ITPart2ViewController.swift in Sources */ = {isa = PBXBuildFile; fileRef = D4B43AD81D374D900023887E /* ITPart2ViewController.swift */; };
		D4B43ADB1D374DA00023887E /* ITPart3ViewController.swift in Sources */ = {isa = PBXBuildFile; fileRef = D4B43ADA1D374DA00023887E /* ITPart3ViewController.swift */; };
		D4C128381D113CCC00561CB3 /* CoreMotion.framework in Frameworks */ = {isa = PBXBuildFile; fileRef = D4C128371D113CCC00561CB3 /* CoreMotion.framework */; };
		D4C1283C1D11843900561CB3 /* ShoppingCartViewController.swift in Sources */ = {isa = PBXBuildFile; fileRef = D4C1283B1D11843900561CB3 /* ShoppingCartViewController.swift */; };
		D4C128451D13E1C800561CB3 /* HomeTabCollectionViewCell.swift in Sources */ = {isa = PBXBuildFile; fileRef = D4C128431D13E1C800561CB3 /* HomeTabCollectionViewCell.swift */; };
		D4C128461D13E1C800561CB3 /* HomeTabCollectionViewCell.xib in Resources */ = {isa = PBXBuildFile; fileRef = D4C128441D13E1C800561CB3 /* HomeTabCollectionViewCell.xib */; };
		D4C1284E1D15A4B100561CB3 /* ShoppingCartCell.swift in Sources */ = {isa = PBXBuildFile; fileRef = D4C1284D1D15A4B100561CB3 /* ShoppingCartCell.swift */; };
		D4C128501D178C1D00561CB3 /* GoodModel.swift in Sources */ = {isa = PBXBuildFile; fileRef = D4C1284F1D178C1D00561CB3 /* GoodModel.swift */; };
		D4C128541D17909B00561CB3 /* GoodsListTableViewController.swift in Sources */ = {isa = PBXBuildFile; fileRef = D4C128531D17909B00561CB3 /* GoodsListTableViewController.swift */; };
		D4C128561D1794A100561CB3 /* GoodListCell.swift in Sources */ = {isa = PBXBuildFile; fileRef = D4C128551D1794A100561CB3 /* GoodListCell.swift */; };
		D4EC0CA91D3DC6BB00E2464F /* UserAvatraTableViewCell.swift in Sources */ = {isa = PBXBuildFile; fileRef = D4EC0CA81D3DC6BB00E2464F /* UserAvatraTableViewCell.swift */; };
		D4F55D311D0E5D8A0017638B /* AppDelegate.swift in Sources */ = {isa = PBXBuildFile; fileRef = D4F55D301D0E5D8A0017638B /* AppDelegate.swift */; };
		D4F55D331D0E5D8A0017638B /* HomeViewController.swift in Sources */ = {isa = PBXBuildFile; fileRef = D4F55D321D0E5D8A0017638B /* HomeViewController.swift */; };
		D4F55D351D0E5D8A0017638B /* HeartBitViewController.swift in Sources */ = {isa = PBXBuildFile; fileRef = D4F55D341D0E5D8A0017638B /* HeartBitViewController.swift */; };
		D4F55D381D0E5D8A0017638B /* Main.storyboard in Resources */ = {isa = PBXBuildFile; fileRef = D4F55D361D0E5D8A0017638B /* Main.storyboard */; };
		D4F55D3A1D0E5D8A0017638B /* Assets.xcassets in Resources */ = {isa = PBXBuildFile; fileRef = D4F55D391D0E5D8A0017638B /* Assets.xcassets */; };
		D4F55D3D1D0E5D8A0017638B /* LaunchScreen.storyboard in Resources */ = {isa = PBXBuildFile; fileRef = D4F55D3B1D0E5D8A0017638B /* LaunchScreen.storyboard */; };
		D4F55D451D0E93C70017638B /* MainViewController.swift in Sources */ = {isa = PBXBuildFile; fileRef = D4F55D441D0E93C70017638B /* MainViewController.swift */; };
		D4F55D4C1D0E97AD0017638B /* GroupViewController.swift in Sources */ = {isa = PBXBuildFile; fileRef = D4F55D4B1D0E97AD0017638B /* GroupViewController.swift */; };
		D4F55D4E1D0E97CF0017638B /* ProfileViewController.swift in Sources */ = {isa = PBXBuildFile; fileRef = D4F55D4D1D0E97CF0017638B /* ProfileViewController.swift */; };
		D4F55D551D0EE5040017638B /* CirCleView.swift in Sources */ = {isa = PBXBuildFile; fileRef = D4F55D541D0EE5040017638B /* CirCleView.swift */; };
		D4F8520C1D37975D003888A4 /* HomeFurnishingPart1ViewController.swift in Sources */ = {isa = PBXBuildFile; fileRef = D4F8520B1D37975D003888A4 /* HomeFurnishingPart1ViewController.swift */; };
		D4F8520E1D379779003888A4 /* HomeFurnishingPart2ViewController.swift in Sources */ = {isa = PBXBuildFile; fileRef = D4F8520D1D379779003888A4 /* HomeFurnishingPart2ViewController.swift */; };
		D4F852101D379B34003888A4 /* NewProductViewController.swift in Sources */ = {isa = PBXBuildFile; fileRef = D4F8520F1D379B34003888A4 /* NewProductViewController.swift */; };
		D4F852131D37EA65003888A4 /* IconBtn.swift in Sources */ = {isa = PBXBuildFile; fileRef = D4F852121D37EA65003888A4 /* IconBtn.swift */; };
		D4F852151D37EA81003888A4 /* IconBtn.xib in Resources */ = {isa = PBXBuildFile; fileRef = D4F852141D37EA81003888A4 /* IconBtn.xib */; };
		D4F852171D380184003888A4 /* HomeServerViewController.swift in Sources */ = {isa = PBXBuildFile; fileRef = D4F852161D380184003888A4 /* HomeServerViewController.swift */; };
		D4F852191D3802EF003888A4 /* MyInfoViewController.swift in Sources */ = {isa = PBXBuildFile; fileRef = D4F852181D3802EF003888A4 /* MyInfoViewController.swift */; };
/* End PBXBuildFile section */

/* Begin PBXFileReference section */
		23E2D602F7284D3BAFD02378 /* Pods-smart_life.release.xcconfig */ = {isa = PBXFileReference; includeInIndex = 1; lastKnownFileType = text.xcconfig; name = "Pods-smart_life.release.xcconfig"; path = "Pods/Target Support Files/Pods-smart_life/Pods-smart_life.release.xcconfig"; sourceTree = "<group>"; };
		37C4FB042CD31E153FBEC1B7 /* Pods_smart_life.framework */ = {isa = PBXFileReference; explicitFileType = wrapper.framework; includeInIndex = 0; path = Pods_smart_life.framework; sourceTree = BUILT_PRODUCTS_DIR; };
		9886A503F36A9D70E0E98C37 /* Pods-smart_life.debug.xcconfig */ = {isa = PBXFileReference; includeInIndex = 1; lastKnownFileType = text.xcconfig; name = "Pods-smart_life.debug.xcconfig"; path = "Pods/Target Support Files/Pods-smart_life/Pods-smart_life.debug.xcconfig"; sourceTree = "<group>"; };
		D404DDD41D4263E9003586C4 /* IndentViewController.swift */ = {isa = PBXFileReference; fileEncoding = 4; lastKnownFileType = sourcecode.swift; path = IndentViewController.swift; sourceTree = "<group>"; };
		D404DDD61D4268BD003586C4 /* IndentCell.swift */ = {isa = PBXFileReference; fileEncoding = 4; lastKnownFileType = sourcecode.swift; path = IndentCell.swift; sourceTree = "<group>"; };
		D404DDDB1D427CAF003586C4 /* PayViewController.swift */ = {isa = PBXFileReference; fileEncoding = 4; lastKnownFileType = sourcecode.swift; path = PayViewController.swift; sourceTree = "<group>"; };
		D404DDDD1D434FA5003586C4 /* IndentCellModel.swift */ = {isa = PBXFileReference; fileEncoding = 4; lastKnownFileType = sourcecode.swift; path = IndentCellModel.swift; sourceTree = "<group>"; };
		D404DDE01D43C89F003586C4 /* NewAddressViewController.swift */ = {isa = PBXFileReference; fileEncoding = 4; lastKnownFileType = sourcecode.swift; path = NewAddressViewController.swift; sourceTree = "<group>"; };
		D404DDE21D446503003586C4 /* address.plist */ = {isa = PBXFileReference; fileEncoding = 4; lastKnownFileType = text.plist.xml; path = address.plist; sourceTree = "<group>"; };
		D404DDE61D44AEF1003586C4 /* addressPlot.swift */ = {isa = PBXFileReference; fileEncoding = 4; lastKnownFileType = sourcecode.swift; path = addressPlot.swift; sourceTree = "<group>"; };
		D404DDE91D44FB5C003586C4 /* SignInViewController.swift */ = {isa = PBXFileReference; fileEncoding = 4; lastKnownFileType = sourcecode.swift; path = SignInViewController.swift; sourceTree = "<group>"; };
		D404DDEB1D44FB6B003586C4 /* SignUpViewController.swift */ = {isa = PBXFileReference; fileEncoding = 4; lastKnownFileType = sourcecode.swift; path = SignUpViewController.swift; sourceTree = "<group>"; };
		D404DDEE1D459CC0003586C4 /* form.swift */ = {isa = PBXFileReference; fileEncoding = 4; lastKnownFileType = sourcecode.swift; path = form.swift; sourceTree = "<group>"; };
		D404DDF01D459CF2003586C4 /* form.xib */ = {isa = PBXFileReference; fileEncoding = 4; lastKnownFileType = file.xib; path = form.xib; sourceTree = "<group>"; };
		D404DDF31D45C632003586C4 /* ClauseViewController.swift */ = {isa = PBXFileReference; fileEncoding = 4; lastKnownFileType = sourcecode.swift; path = ClauseViewController.swift; sourceTree = "<group>"; };
		D404DDF51D4648F6003586C4 /* alertFrameS.swift */ = {isa = PBXFileReference; fileEncoding = 4; lastKnownFileType = sourcecode.swift; path = alertFrameS.swift; sourceTree = "<group>"; };
		D404DDF71D464910003586C4 /* alertFrameS.xib */ = {isa = PBXFileReference; fileEncoding = 4; lastKnownFileType = file.xib; path = alertFrameS.xib; sourceTree = "<group>"; };
		D404DDF91D46575E003586C4 /* DealViewController.swift */ = {isa = PBXFileReference; fileEncoding = 4; lastKnownFileType = sourcecode.swift; path = DealViewController.swift; sourceTree = "<group>"; };
		D406F4811D3F1B9B00236EA6 /* OrderBtnTwo.swift */ = {isa = PBXFileReference; fileEncoding = 4; lastKnownFileType = sourcecode.swift; path = OrderBtnTwo.swift; sourceTree = "<group>"; };
		D406F4831D3F1BFC00236EA6 /* OrderBtnTwo.xib */ = {isa = PBXFileReference; fileEncoding = 4; lastKnownFileType = file.xib; path = OrderBtnTwo.xib; sourceTree = "<group>"; };
		D406F4861D3F22AD00236EA6 /* alertFrame.xib */ = {isa = PBXFileReference; fileEncoding = 4; lastKnownFileType = file.xib; path = alertFrame.xib; sourceTree = "<group>"; };
		D406F4881D3F22C500236EA6 /* alertFrame.swift */ = {isa = PBXFileReference; fileEncoding = 4; lastKnownFileType = sourcecode.swift; path = alertFrame.swift; sourceTree = "<group>"; };
		D417C4261D2108BB00955C30 /* WaterFlowViewController.swift */ = {isa = PBXFileReference; fileEncoding = 4; lastKnownFileType = sourcecode.swift; path = WaterFlowViewController.swift; sourceTree = "<group>"; };
		D41ADD9C1D38145000534E6A /* MyCell.swift */ = {isa = PBXFileReference; fileEncoding = 4; lastKnownFileType = sourcecode.swift; path = MyCell.swift; sourceTree = "<group>"; };
		D41ADD9E1D38146600534E6A /* MyCell.xib */ = {isa = PBXFileReference; fileEncoding = 4; lastKnownFileType = file.xib; path = MyCell.xib; sourceTree = "<group>"; };
		D44135DD1D1927DB00072099 /* ListTableViewController.swift */ = {isa = PBXFileReference; fileEncoding = 4; lastKnownFileType = sourcecode.swift; path = ListTableViewController.swift; sourceTree = "<group>"; };
		D44135E21D1A3A5400072099 /* AddressCell.swift */ = {isa = PBXFileReference; fileEncoding = 4; lastKnownFileType = sourcecode.swift; path = AddressCell.swift; sourceTree = "<group>"; };
		D44135E41D1A5C4500072099 /* UIView+BHBFreeBorder.swift */ = {isa = PBXFileReference; fileEncoding = 4; lastKnownFileType = sourcecode.swift; path = "UIView+BHBFreeBorder.swift"; sourceTree = "<group>"; };
		D44135E61D1A749400072099 /* AddressTableViewController.swift */ = {isa = PBXFileReference; fileEncoding = 4; lastKnownFileType = sourcecode.swift; path = AddressTableViewController.swift; sourceTree = "<group>"; };
		D44135E81D1A758700072099 /* AddressModel.swift */ = {isa = PBXFileReference; fileEncoding = 4; lastKnownFileType = sourcecode.swift; path = AddressModel.swift; sourceTree = "<group>"; };
		D4486ECA1D38965500BB8984 /* MyOrderTableViewController.swift */ = {isa = PBXFileReference; fileEncoding = 4; lastKnownFileType = sourcecode.swift; path = MyOrderTableViewController.swift; sourceTree = "<group>"; };
		D4486ECD1D3899FF00BB8984 /* MyOrderTableViewCell.swift */ = {isa = PBXFileReference; fileEncoding = 4; lastKnownFileType = sourcecode.swift; path = MyOrderTableViewCell.swift; sourceTree = "<group>"; };
		D4486ECF1D389D4D00BB8984 /* MyIndentTableViewController.swift */ = {isa = PBXFileReference; fileEncoding = 4; lastKnownFileType = sourcecode.swift; path = MyIndentTableViewController.swift; sourceTree = "<group>"; };
		D4486ED21D389D6900BB8984 /* MyIndentTableViewCell.swift */ = {isa = PBXFileReference; fileEncoding = 4; lastKnownFileType = sourcecode.swift; path = MyIndentTableViewCell.swift; sourceTree = "<group>"; };
		D46DBB0C1D2B8135009519A0 /* HomeTabCollectionViewCell2.swift */ = {isa = PBXFileReference; fileEncoding = 4; lastKnownFileType = sourcecode.swift; path = HomeTabCollectionViewCell2.swift; sourceTree = "<group>"; };
		D46DBB0D1D2B8135009519A0 /* HomeTabCollectionViewCell2.xib */ = {isa = PBXFileReference; fileEncoding = 4; lastKnownFileType = file.xib; path = HomeTabCollectionViewCell2.xib; sourceTree = "<group>"; };
		D46DBB121D2B8174009519A0 /* HomeTabCollectionViewCell3.swift */ = {isa = PBXFileReference; fileEncoding = 4; lastKnownFileType = sourcecode.swift; path = HomeTabCollectionViewCell3.swift; sourceTree = "<group>"; };
		D46DBB131D2B8174009519A0 /* HomeTabCollectionViewCell3.xib */ = {isa = PBXFileReference; fileEncoding = 4; lastKnownFileType = file.xib; path = HomeTabCollectionViewCell3.xib; sourceTree = "<group>"; };
		D46DBB181D2B819C009519A0 /* HomeTabCollectionViewCell4.swift */ = {isa = PBXFileReference; fileEncoding = 4; lastKnownFileType = sourcecode.swift; path = HomeTabCollectionViewCell4.swift; sourceTree = "<group>"; };
		D46DBB191D2B819C009519A0 /* HomeTabCollectionViewCell4.xib */ = {isa = PBXFileReference; fileEncoding = 4; lastKnownFileType = file.xib; path = HomeTabCollectionViewCell4.xib; sourceTree = "<group>"; };
		D46DBB1C1D2B81AB009519A0 /* HomeTabCollectionViewCell5.swift */ = {isa = PBXFileReference; fileEncoding = 4; lastKnownFileType = sourcecode.swift; path = HomeTabCollectionViewCell5.swift; sourceTree = "<group>"; };
		D46DBB1D1D2B81AB009519A0 /* HomeTabCollectionViewCell5.xib */ = {isa = PBXFileReference; fileEncoding = 4; lastKnownFileType = file.xib; path = HomeTabCollectionViewCell5.xib; sourceTree = "<group>"; };
		D46DBB221D2B81C7009519A0 /* HomeTabCollectionViewCell7.swift */ = {isa = PBXFileReference; fileEncoding = 4; lastKnownFileType = sourcecode.swift; path = HomeTabCollectionViewCell7.swift; sourceTree = "<group>"; };
		D46DBB231D2B81C7009519A0 /* HomeTabCollectionViewCell7.xib */ = {isa = PBXFileReference; fileEncoding = 4; lastKnownFileType = file.xib; path = HomeTabCollectionViewCell7.xib; sourceTree = "<group>"; };
		D46DBB281D2B8274009519A0 /* HomeTabCollectionViewCell6.swift */ = {isa = PBXFileReference; fileEncoding = 4; lastKnownFileType = sourcecode.swift; path = HomeTabCollectionViewCell6.swift; sourceTree = "<group>"; };
		D46DBB291D2B8274009519A0 /* HomeTabCollectionViewCell6.xib */ = {isa = PBXFileReference; fileEncoding = 4; lastKnownFileType = file.xib; path = HomeTabCollectionViewCell6.xib; sourceTree = "<group>"; };
		D46DBB2C1D2B8288009519A0 /* HomeTabCollectionViewCell8.swift */ = {isa = PBXFileReference; fileEncoding = 4; lastKnownFileType = sourcecode.swift; path = HomeTabCollectionViewCell8.swift; sourceTree = "<group>"; };
		D46DBB2D1D2B8288009519A0 /* HomeTabCollectionViewCell8.xib */ = {isa = PBXFileReference; fileEncoding = 4; lastKnownFileType = file.xib; path = HomeTabCollectionViewCell8.xib; sourceTree = "<group>"; };
		D46DBB361D2BA0C7009519A0 /* HomeCollectionViewController.swift */ = {isa = PBXFileReference; fileEncoding = 4; lastKnownFileType = sourcecode.swift; path = HomeCollectionViewController.swift; sourceTree = "<group>"; };
		D4748B201D30A103002B9179 /* HomeController.swift */ = {isa = PBXFileReference; fileEncoding = 4; lastKnownFileType = sourcecode.swift; path = HomeController.swift; sourceTree = "<group>"; };
		D48B2BFE1D405D34003208DB /* GoodsDetailViewController.swift */ = {isa = PBXFileReference; fileEncoding = 4; lastKnownFileType = sourcecode.swift; path = GoodsDetailViewController.swift; sourceTree = "<group>"; };
		D491F1D41D3C6AE100D7FA11 /* MyDataTableViewController.swift */ = {isa = PBXFileReference; fileEncoding = 4; lastKnownFileType = sourcecode.swift; path = MyDataTableViewController.swift; sourceTree = "<group>"; };
		D49CEADA1D240C59003D2737 /* Helpers.swift */ = {isa = PBXFileReference; fileEncoding = 4; lastKnownFileType = sourcecode.swift; path = Helpers.swift; sourceTree = "<group>"; };
		D4B43AB31D35D6E60023887E /* HealthPart1ViewController.swift */ = {isa = PBXFileReference; fileEncoding = 4; lastKnownFileType = sourcecode.swift; path = HealthPart1ViewController.swift; sourceTree = "<group>"; };
		D4B43AB51D35D6F80023887E /* HealthPart2ViewController.swift */ = {isa = PBXFileReference; fileEncoding = 4; lastKnownFileType = sourcecode.swift; path = HealthPart2ViewController.swift; sourceTree = "<group>"; };
		D4B43AB71D35D7090023887E /* HealthPart3ViewController.swift */ = {isa = PBXFileReference; fileEncoding = 4; lastKnownFileType = sourcecode.swift; path = HealthPart3ViewController.swift; sourceTree = "<group>"; };
		D4B43AB91D3615B70023887E /* CommunityViewController.swift */ = {isa = PBXFileReference; fileEncoding = 4; lastKnownFileType = sourcecode.swift; path = CommunityViewController.swift; sourceTree = "<group>"; };
		D4B43ABC1D3645490023887E /* HealthPart2TableViewCell.swift */ = {isa = PBXFileReference; fileEncoding = 4; lastKnownFileType = sourcecode.swift; path = HealthPart2TableViewCell.swift; sourceTree = "<group>"; };
		D4B43ABE1D368B760023887E /* HealthPart3TableViewCell.swift */ = {isa = PBXFileReference; fileEncoding = 4; lastKnownFileType = sourcecode.swift; path = HealthPart3TableViewCell.swift; sourceTree = "<group>"; };
		D4B43AC01D3695C20023887E /* FitnessTableViewController.swift */ = {isa = PBXFileReference; fileEncoding = 4; lastKnownFileType = sourcecode.swift; path = FitnessTableViewController.swift; sourceTree = "<group>"; };
		D4B43ACB1D3724910023887E /* OrderBtn.swift */ = {isa = PBXFileReference; fileEncoding = 4; lastKnownFileType = sourcecode.swift; path = OrderBtn.swift; sourceTree = "<group>"; };
		D4B43ACF1D3725450023887E /* OrderBtn.xib */ = {isa = PBXFileReference; fileEncoding = 4; lastKnownFileType = file.xib; path = OrderBtn.xib; sourceTree = "<group>"; };
		D4B43AD21D372BEC0023887E /* NibDesignable.swift */ = {isa = PBXFileReference; fileEncoding = 4; lastKnownFileType = sourcecode.swift; path = NibDesignable.swift; sourceTree = "<group>"; };
		D4B43AD41D373BD00023887E /* FitnessTableViewCell.swift */ = {isa = PBXFileReference; fileEncoding = 4; lastKnownFileType = sourcecode.swift; path = FitnessTableViewCell.swift; sourceTree = "<group>"; };
		D4B43AD61D374D090023887E /* ITPart1ViewController.swift */ = {isa = PBXFileReference; fileEncoding = 4; lastKnownFileType = sourcecode.swift; path = ITPart1ViewController.swift; sourceTree = "<group>"; };
		D4B43AD81D374D900023887E /* ITPart2ViewController.swift */ = {isa = PBXFileReference; fileEncoding = 4; lastKnownFileType = sourcecode.swift; path = ITPart2ViewController.swift; sourceTree = "<group>"; };
		D4B43ADA1D374DA00023887E /* ITPart3ViewController.swift */ = {isa = PBXFileReference; fileEncoding = 4; lastKnownFileType = sourcecode.swift; path = ITPart3ViewController.swift; sourceTree = "<group>"; };
		D4C128371D113CCC00561CB3 /* CoreMotion.framework */ = {isa = PBXFileReference; lastKnownFileType = wrapper.framework; name = CoreMotion.framework; path = System/Library/Frameworks/CoreMotion.framework; sourceTree = SDKROOT; };
		D4C128391D113D5E00561CB3 /* Header_bradge.h */ = {isa = PBXFileReference; lastKnownFileType = sourcecode.c.h; path = Header_bradge.h; sourceTree = "<group>"; };
		D4C1283B1D11843900561CB3 /* ShoppingCartViewController.swift */ = {isa = PBXFileReference; fileEncoding = 4; lastKnownFileType = sourcecode.swift; path = ShoppingCartViewController.swift; sourceTree = "<group>"; };
		D4C128431D13E1C800561CB3 /* HomeTabCollectionViewCell.swift */ = {isa = PBXFileReference; fileEncoding = 4; lastKnownFileType = sourcecode.swift; path = HomeTabCollectionViewCell.swift; sourceTree = "<group>"; };
		D4C128441D13E1C800561CB3 /* HomeTabCollectionViewCell.xib */ = {isa = PBXFileReference; fileEncoding = 4; lastKnownFileType = file.xib; path = HomeTabCollectionViewCell.xib; sourceTree = "<group>"; };
		D4C1284D1D15A4B100561CB3 /* ShoppingCartCell.swift */ = {isa = PBXFileReference; fileEncoding = 4; lastKnownFileType = sourcecode.swift; path = ShoppingCartCell.swift; sourceTree = "<group>"; };
		D4C1284F1D178C1D00561CB3 /* GoodModel.swift */ = {isa = PBXFileReference; fileEncoding = 4; lastKnownFileType = sourcecode.swift; path = GoodModel.swift; sourceTree = "<group>"; };
		D4C128531D17909B00561CB3 /* GoodsListTableViewController.swift */ = {isa = PBXFileReference; fileEncoding = 4; lastKnownFileType = sourcecode.swift; path = GoodsListTableViewController.swift; sourceTree = "<group>"; };
		D4C128551D1794A100561CB3 /* GoodListCell.swift */ = {isa = PBXFileReference; fileEncoding = 4; lastKnownFileType = sourcecode.swift; path = GoodListCell.swift; sourceTree = "<group>"; };
		D4EC0CA81D3DC6BB00E2464F /* UserAvatraTableViewCell.swift */ = {isa = PBXFileReference; fileEncoding = 4; lastKnownFileType = sourcecode.swift; path = UserAvatraTableViewCell.swift; sourceTree = "<group>"; };
		D4F55D2D1D0E5D8A0017638B /* smart_life.app */ = {isa = PBXFileReference; explicitFileType = wrapper.application; includeInIndex = 0; path = smart_life.app; sourceTree = BUILT_PRODUCTS_DIR; };
		D4F55D301D0E5D8A0017638B /* AppDelegate.swift */ = {isa = PBXFileReference; lastKnownFileType = sourcecode.swift; path = AppDelegate.swift; sourceTree = "<group>"; };
		D4F55D321D0E5D8A0017638B /* HomeViewController.swift */ = {isa = PBXFileReference; lastKnownFileType = sourcecode.swift; path = HomeViewController.swift; sourceTree = "<group>"; };
		D4F55D341D0E5D8A0017638B /* HeartBitViewController.swift */ = {isa = PBXFileReference; lastKnownFileType = sourcecode.swift; path = HeartBitViewController.swift; sourceTree = "<group>"; };
		D4F55D371D0E5D8A0017638B /* Base */ = {isa = PBXFileReference; lastKnownFileType = file.storyboard; name = Base; path = Base.lproj/Main.storyboard; sourceTree = "<group>"; };
		D4F55D391D0E5D8A0017638B /* Assets.xcassets */ = {isa = PBXFileReference; lastKnownFileType = folder.assetcatalog; path = Assets.xcassets; sourceTree = "<group>"; };
		D4F55D3C1D0E5D8A0017638B /* Base */ = {isa = PBXFileReference; lastKnownFileType = file.storyboard; name = Base; path = Base.lproj/LaunchScreen.storyboard; sourceTree = "<group>"; };
		D4F55D3E1D0E5D8A0017638B /* Info.plist */ = {isa = PBXFileReference; lastKnownFileType = text.plist.xml; path = Info.plist; sourceTree = "<group>"; };
		D4F55D441D0E93C70017638B /* MainViewController.swift */ = {isa = PBXFileReference; fileEncoding = 4; lastKnownFileType = sourcecode.swift; path = MainViewController.swift; sourceTree = "<group>"; };
		D4F55D4B1D0E97AD0017638B /* GroupViewController.swift */ = {isa = PBXFileReference; fileEncoding = 4; lastKnownFileType = sourcecode.swift; path = GroupViewController.swift; sourceTree = "<group>"; };
		D4F55D4D1D0E97CF0017638B /* ProfileViewController.swift */ = {isa = PBXFileReference; fileEncoding = 4; lastKnownFileType = sourcecode.swift; path = ProfileViewController.swift; sourceTree = "<group>"; };
		D4F55D541D0EE5040017638B /* CirCleView.swift */ = {isa = PBXFileReference; fileEncoding = 4; lastKnownFileType = sourcecode.swift; path = CirCleView.swift; sourceTree = "<group>"; };
		D4F8520B1D37975D003888A4 /* HomeFurnishingPart1ViewController.swift */ = {isa = PBXFileReference; fileEncoding = 4; lastKnownFileType = sourcecode.swift; path = HomeFurnishingPart1ViewController.swift; sourceTree = "<group>"; };
		D4F8520D1D379779003888A4 /* HomeFurnishingPart2ViewController.swift */ = {isa = PBXFileReference; fileEncoding = 4; lastKnownFileType = sourcecode.swift; path = HomeFurnishingPart2ViewController.swift; sourceTree = "<group>"; };
		D4F8520F1D379B34003888A4 /* NewProductViewController.swift */ = {isa = PBXFileReference; fileEncoding = 4; lastKnownFileType = sourcecode.swift; path = NewProductViewController.swift; sourceTree = "<group>"; };
		D4F852121D37EA65003888A4 /* IconBtn.swift */ = {isa = PBXFileReference; fileEncoding = 4; lastKnownFileType = sourcecode.swift; path = IconBtn.swift; sourceTree = "<group>"; };
		D4F852141D37EA81003888A4 /* IconBtn.xib */ = {isa = PBXFileReference; fileEncoding = 4; lastKnownFileType = file.xib; path = IconBtn.xib; sourceTree = "<group>"; };
		D4F852161D380184003888A4 /* HomeServerViewController.swift */ = {isa = PBXFileReference; fileEncoding = 4; lastKnownFileType = sourcecode.swift; path = HomeServerViewController.swift; sourceTree = "<group>"; };
		D4F852181D3802EF003888A4 /* MyInfoViewController.swift */ = {isa = PBXFileReference; fileEncoding = 4; lastKnownFileType = sourcecode.swift; path = MyInfoViewController.swift; sourceTree = "<group>"; };
/* End PBXFileReference section */

/* Begin PBXFrameworksBuildPhase section */
		D4F55D2A1D0E5D8A0017638B /* Frameworks */ = {
			isa = PBXFrameworksBuildPhase;
			buildActionMask = 2147483647;
			files = (
				D4C128381D113CCC00561CB3 /* CoreMotion.framework in Frameworks */,
				306646CA6EB2B1749D360B82 /* Pods_smart_life.framework in Frameworks */,
			);
			runOnlyForDeploymentPostprocessing = 0;
		};
/* End PBXFrameworksBuildPhase section */

/* Begin PBXGroup section */
		73A1EB48E9D9027EDF00166B /* Frameworks */ = {
			isa = PBXGroup;
			children = (
				37C4FB042CD31E153FBEC1B7 /* Pods_smart_life.framework */,
			);
			name = Frameworks;
			sourceTree = "<group>";
		};
		C1A7882AF93847A3C350DB5F /* Pods */ = {
			isa = PBXGroup;
			children = (
				9886A503F36A9D70E0E98C37 /* Pods-smart_life.debug.xcconfig */,
				23E2D602F7284D3BAFD02378 /* Pods-smart_life.release.xcconfig */,
			);
			name = Pods;
			sourceTree = "<group>";
		};
		D404DDD31D4263B5003586C4 /* Indent */ = {
			isa = PBXGroup;
			children = (
				D404DDD41D4263E9003586C4 /* IndentViewController.swift */,
				D404DDD61D4268BD003586C4 /* IndentCell.swift */,
			);
			name = Indent;
			sourceTree = "<group>";
		};
		D404DDD81D426B5B003586C4 /* AddressCell */ = {
			isa = PBXGroup;
			children = (
				D404DDE61D44AEF1003586C4 /* addressPlot.swift */,
			);
			name = AddressCell;
			sourceTree = "<group>";
		};
		D404DDD91D426B75003586C4 /* IndentCell */ = {
			isa = PBXGroup;
			children = (
			);
			name = IndentCell;
			sourceTree = "<group>";
		};
		D404DDDA1D427C96003586C4 /* Pay */ = {
			isa = PBXGroup;
			children = (
				D404DDDB1D427CAF003586C4 /* PayViewController.swift */,
			);
			name = Pay;
			sourceTree = "<group>";
		};
		D404DDDF1D43C870003586C4 /* NewAddressViewController */ = {
			isa = PBXGroup;
			children = (
				D404DDE01D43C89F003586C4 /* NewAddressViewController.swift */,
			);
			name = NewAddressViewController;
			sourceTree = "<group>";
		};
		D404DDE81D44FB41003586C4 /* SignView */ = {
			isa = PBXGroup;
			children = (
				D404DDE91D44FB5C003586C4 /* SignInViewController.swift */,
				D404DDEB1D44FB6B003586C4 /* SignUpViewController.swift */,
				D404DDF91D46575E003586C4 /* DealViewController.swift */,
			);
			name = SignView;
			sourceTree = "<group>";
		};
		D404DDED1D459C9B003586C4 /* FormView */ = {
			isa = PBXGroup;
			children = (
				D404DDEE1D459CC0003586C4 /* form.swift */,
				D404DDF01D459CF2003586C4 /* form.xib */,
			);
			name = FormView;
			sourceTree = "<group>";
		};
		D404DDF21D45C5FB003586C4 /* Clause */ = {
			isa = PBXGroup;
			children = (
				D404DDF31D45C632003586C4 /* ClauseViewController.swift */,
			);
			name = Clause;
			sourceTree = "<group>";
		};
		D406F4851D3F225F00236EA6 /* AlertFrame */ = {
			isa = PBXGroup;
			children = (
				D406F4861D3F22AD00236EA6 /* alertFrame.xib */,
				D406F4881D3F22C500236EA6 /* alertFrame.swift */,
				D404DDF51D4648F6003586C4 /* alertFrameS.swift */,
				D404DDF71D464910003586C4 /* alertFrameS.xib */,
			);
			name = AlertFrame;
			sourceTree = "<group>";
		};
		D417C4281D2235E600955C30 /* HomeBtn */ = {
			isa = PBXGroup;
			children = (
			);
			name = HomeBtn;
			sourceTree = "<group>";
		};
		D41ADD9B1D3813C600534E6A /* MyCellStyle */ = {
			isa = PBXGroup;
			children = (
				D41ADD9C1D38145000534E6A /* MyCell.swift */,
				D41ADD9E1D38146600534E6A /* MyCell.xib */,
			);
			name = MyCellStyle;
			sourceTree = "<group>";
		};
		D44135DA1D19245A00072099 /* Shopping */ = {
			isa = PBXGroup;
			children = (
				D44135DD1D1927DB00072099 /* ListTableViewController.swift */,
				D48B2BFE1D405D34003208DB /* GoodsDetailViewController.swift */,
			);
			name = Shopping;
			sourceTree = "<group>";
		};
		D44135DB1D1924DF00072099 /* HomeViewMode */ = {
			isa = PBXGroup;
			children = (
				D4C128431D13E1C800561CB3 /* HomeTabCollectionViewCell.swift */,
				D4C128441D13E1C800561CB3 /* HomeTabCollectionViewCell.xib */,
				D46DBB0C1D2B8135009519A0 /* HomeTabCollectionViewCell2.swift */,
				D46DBB0D1D2B8135009519A0 /* HomeTabCollectionViewCell2.xib */,
				D46DBB121D2B8174009519A0 /* HomeTabCollectionViewCell3.swift */,
				D46DBB131D2B8174009519A0 /* HomeTabCollectionViewCell3.xib */,
				D46DBB181D2B819C009519A0 /* HomeTabCollectionViewCell4.swift */,
				D46DBB191D2B819C009519A0 /* HomeTabCollectionViewCell4.xib */,
				D46DBB1C1D2B81AB009519A0 /* HomeTabCollectionViewCell5.swift */,
				D46DBB1D1D2B81AB009519A0 /* HomeTabCollectionViewCell5.xib */,
				D46DBB221D2B81C7009519A0 /* HomeTabCollectionViewCell7.swift */,
				D46DBB231D2B81C7009519A0 /* HomeTabCollectionViewCell7.xib */,
				D46DBB281D2B8274009519A0 /* HomeTabCollectionViewCell6.swift */,
				D46DBB291D2B8274009519A0 /* HomeTabCollectionViewCell6.xib */,
				D46DBB2C1D2B8288009519A0 /* HomeTabCollectionViewCell8.swift */,
				D46DBB2D1D2B8288009519A0 /* HomeTabCollectionViewCell8.xib */,
			);
			name = HomeViewMode;
			sourceTree = "<group>";
		};
		D44135DC1D19250400072099 /* ShoppingMode */ = {
			isa = PBXGroup;
			children = (
				D4C128531D17909B00561CB3 /* GoodsListTableViewController.swift */,
				D4C128551D1794A100561CB3 /* GoodListCell.swift */,
			);
			name = ShoppingMode;
			sourceTree = "<group>";
		};
		D44135E11D1A39FB00072099 /* Address */ = {
			isa = PBXGroup;
			children = (
				D44135E21D1A3A5400072099 /* AddressCell.swift */,
				D44135E61D1A749400072099 /* AddressTableViewController.swift */,
			);
			name = Address;
			sourceTree = "<group>";
		};
		D4486ECC1D38998E00BB8984 /* MyOrderCell */ = {
			isa = PBXGroup;
			children = (
				D4486ECD1D3899FF00BB8984 /* MyOrderTableViewCell.swift */,
			);
			name = MyOrderCell;
			sourceTree = "<group>";
		};
		D4486ED11D389D5700BB8984 /* MyIndented */ = {
			isa = PBXGroup;
			children = (
				D4486ED21D389D6900BB8984 /* MyIndentTableViewCell.swift */,
			);
			name = MyIndented;
			sourceTree = "<group>";
		};
		D4B43AAC1D35D5480023887E /* NewProduct */ = {
			isa = PBXGroup;
			children = (
				D4F8520F1D379B34003888A4 /* NewProductViewController.swift */,
			);
			name = NewProduct;
			sourceTree = "<group>";
		};
		D4B43AAD1D35D55B0023887E /* IT */ = {
			isa = PBXGroup;
			children = (
				D4B43AD61D374D090023887E /* ITPart1ViewController.swift */,
				D4B43AD81D374D900023887E /* ITPart2ViewController.swift */,
				D4B43ADA1D374DA00023887E /* ITPart3ViewController.swift */,
			);
			name = IT;
			sourceTree = "<group>";
		};
		D4B43AAE1D35D56F0023887E /* Health */ = {
			isa = PBXGroup;
			children = (
				D4B43AB31D35D6E60023887E /* HealthPart1ViewController.swift */,
				D4B43AB51D35D6F80023887E /* HealthPart2ViewController.swift */,
				D4B43AB71D35D7090023887E /* HealthPart3ViewController.swift */,
			);
			name = Health;
			sourceTree = "<group>";
		};
		D4B43AAF1D35D5770023887E /* Fitness */ = {
			isa = PBXGroup;
			children = (
				D4B43AC01D3695C20023887E /* FitnessTableViewController.swift */,
			);
			name = Fitness;
			sourceTree = "<group>";
		};
		D4B43AB01D35D5A80023887E /* Community */ = {
			isa = PBXGroup;
			children = (
				D4B43AB91D3615B70023887E /* CommunityViewController.swift */,
			);
			name = Community;
			sourceTree = "<group>";
		};
		D4B43AB11D35D5D60023887E /* MunicipalAdministration */ = {
			isa = PBXGroup;
			children = (
			);
			name = MunicipalAdministration;
			sourceTree = "<group>";
		};
		D4B43AB21D35D60D0023887E /* HomeFurnishing */ = {
			isa = PBXGroup;
			children = (
				D4F8520B1D37975D003888A4 /* HomeFurnishingPart1ViewController.swift */,
				D4F8520D1D379779003888A4 /* HomeFurnishingPart2ViewController.swift */,
			);
			name = HomeFurnishing;
			sourceTree = "<group>";
		};
		D4B43ABB1D3645170023887E /* CellModel */ = {
			isa = PBXGroup;
			children = (
				D4B43ABC1D3645490023887E /* HealthPart2TableViewCell.swift */,
				D4B43ABE1D368B760023887E /* HealthPart3TableViewCell.swift */,
				D4B43AD41D373BD00023887E /* FitnessTableViewCell.swift */,
			);
			name = CellModel;
			sourceTree = "<group>";
		};
		D4B43AC21D3721670023887E /* OrderBtn */ = {
			isa = PBXGroup;
			children = (
				D4B43ACB1D3724910023887E /* OrderBtn.swift */,
				D4B43ACF1D3725450023887E /* OrderBtn.xib */,
				D406F4811D3F1B9B00236EA6 /* OrderBtnTwo.swift */,
				D406F4831D3F1BFC00236EA6 /* OrderBtnTwo.xib */,
			);
			name = OrderBtn;
			sourceTree = "<group>";
		};
		D4B43AD11D372BC40023887E /* NibDesignable */ = {
			isa = PBXGroup;
			children = (
				D4B43AD21D372BEC0023887E /* NibDesignable.swift */,
			);
			name = NibDesignable;
			sourceTree = "<group>";
		};
		D4C1283A1D1183B300561CB3 /* ShoppingCart */ = {
			isa = PBXGroup;
			children = (
				D4C1283B1D11843900561CB3 /* ShoppingCartViewController.swift */,
				D4C1284D1D15A4B100561CB3 /* ShoppingCartCell.swift */,
			);
			name = ShoppingCart;
			sourceTree = "<group>";
		};
		D4EC0CA71D3DC68800E2464F /* UserAvatra */ = {
			isa = PBXGroup;
			children = (
				D4EC0CA81D3DC6BB00E2464F /* UserAvatraTableViewCell.swift */,
			);
			name = UserAvatra;
			sourceTree = "<group>";
		};
		D4F55D241D0E5D8A0017638B = {
			isa = PBXGroup;
			children = (
				D4C128391D113D5E00561CB3 /* Header_bradge.h */,
				D4C128371D113CCC00561CB3 /* CoreMotion.framework */,
				D4F55D2F1D0E5D8A0017638B /* smart_life */,
				D4F55D2E1D0E5D8A0017638B /* Products */,
				C1A7882AF93847A3C350DB5F /* Pods */,
				73A1EB48E9D9027EDF00166B /* Frameworks */,
			);
			sourceTree = "<group>";
		};
		D4F55D2E1D0E5D8A0017638B /* Products */ = {
			isa = PBXGroup;
			children = (
				D4F55D2D1D0E5D8A0017638B /* smart_life.app */,
			);
			name = Products;
			sourceTree = "<group>";
		};
		D4F55D2F1D0E5D8A0017638B /* smart_life */ = {
			isa = PBXGroup;
			children = (
				D4B43AD11D372BC40023887E /* NibDesignable */,
				D4F55D511D0E98250017638B /* Mode(模型) */,
				D4F55D501D0E97FC0017638B /* ViewMode(视图模型) */,
				D4F55D4F1D0E97DA0017638B /* View(控制器和视图) */,
				D4F55D301D0E5D8A0017638B /* AppDelegate.swift */,
				D4F55D361D0E5D8A0017638B /* Main.storyboard */,
				D4F55D391D0E5D8A0017638B /* Assets.xcassets */,
				D4F55D3B1D0E5D8A0017638B /* LaunchScreen.storyboard */,
				D404DDE21D446503003586C4 /* address.plist */,
				D4F55D3E1D0E5D8A0017638B /* Info.plist */,
			);
			path = smart_life;
			sourceTree = "<group>";
		};
		D4F55D461D0E93D90017638B /* Main */ = {
			isa = PBXGroup;
			children = (
				D4F55D441D0E93C70017638B /* MainViewController.swift */,
			);
			name = Main;
			sourceTree = "<group>";
		};
		D4F55D471D0E941F0017638B /* HeartBit */ = {
			isa = PBXGroup;
			children = (
				D4F55D341D0E5D8A0017638B /* HeartBitViewController.swift */,
				D417C4261D2108BB00955C30 /* WaterFlowViewController.swift */,
			);
			name = HeartBit;
			sourceTree = "<group>";
		};
		D4F55D481D0E95650017638B /* Group */ = {
			isa = PBXGroup;
			children = (
				D4F55D4B1D0E97AD0017638B /* GroupViewController.swift */,
				D4F852161D380184003888A4 /* HomeServerViewController.swift */,
			);
			name = Group;
			sourceTree = "<group>";
		};
		D4F55D491D0E957F0017638B /* Profile */ = {
			isa = PBXGroup;
			children = (
				D4F55D4D1D0E97CF0017638B /* ProfileViewController.swift */,
				D4F852181D3802EF003888A4 /* MyInfoViewController.swift */,
				D4486ECA1D38965500BB8984 /* MyOrderTableViewController.swift */,
				D4486ECF1D389D4D00BB8984 /* MyIndentTableViewController.swift */,
				D491F1D41D3C6AE100D7FA11 /* MyDataTableViewController.swift */,
			);
			name = Profile;
			sourceTree = "<group>";
		};
		D4F55D4A1D0E97210017638B /* Home */ = {
			isa = PBXGroup;
			children = (
				D4B43AB21D35D60D0023887E /* HomeFurnishing */,
				D4B43AB11D35D5D60023887E /* MunicipalAdministration */,
				D4B43AB01D35D5A80023887E /* Community */,
				D4B43AAF1D35D5770023887E /* Fitness */,
				D4B43AAE1D35D56F0023887E /* Health */,
				D4B43AAD1D35D55B0023887E /* IT */,
				D4B43AAC1D35D5480023887E /* NewProduct */,
				D44135DA1D19245A00072099 /* Shopping */,
				D4F55D321D0E5D8A0017638B /* HomeViewController.swift */,
				D46DBB361D2BA0C7009519A0 /* HomeCollectionViewController.swift */,
				D4748B201D30A103002B9179 /* HomeController.swift */,
			);
			name = Home;
			sourceTree = "<group>";
		};
		D4F55D4F1D0E97DA0017638B /* View(控制器和视图) */ = {
			isa = PBXGroup;
			children = (
				D404DDF21D45C5FB003586C4 /* Clause */,
				D404DDE81D44FB41003586C4 /* SignView */,
				D404DDDF1D43C870003586C4 /* NewAddressViewController */,
				D44135DC1D19250400072099 /* ShoppingMode */,
				D404DDDA1D427C96003586C4 /* Pay */,
				D404DDD31D4263B5003586C4 /* Indent */,
				D44135E11D1A39FB00072099 /* Address */,
				D4C1283A1D1183B300561CB3 /* ShoppingCart */,
				D4F55D4A1D0E97210017638B /* Home */,
				D4F55D491D0E957F0017638B /* Profile */,
				D4F55D481D0E95650017638B /* Group */,
				D4F55D471D0E941F0017638B /* HeartBit */,
				D4F55D461D0E93D90017638B /* Main */,
			);
			name = "View(控制器和视图)";
			sourceTree = "<group>";
		};
		D4F55D501D0E97FC0017638B /* ViewMode(视图模型) */ = {
			isa = PBXGroup;
			children = (
				D404DDED1D459C9B003586C4 /* FormView */,
				D404DDD91D426B75003586C4 /* IndentCell */,
				D404DDD81D426B5B003586C4 /* AddressCell */,
				D406F4851D3F225F00236EA6 /* AlertFrame */,
				D4EC0CA71D3DC68800E2464F /* UserAvatra */,
				D4486ED11D389D5700BB8984 /* MyIndented */,
				D4486ECC1D38998E00BB8984 /* MyOrderCell */,
				D41ADD9B1D3813C600534E6A /* MyCellStyle */,
				D4F852111D37EA11003888A4 /* iconbtn */,
				D4B43ABB1D3645170023887E /* CellModel */,
				D4B43AC21D3721670023887E /* OrderBtn */,
				D417C4281D2235E600955C30 /* HomeBtn */,
				D44135DB1D1924DF00072099 /* HomeViewMode */,
				D4F55D541D0EE5040017638B /* CirCleView.swift */,
				D44135E41D1A5C4500072099 /* UIView+BHBFreeBorder.swift */,
			);
			name = "ViewMode(视图模型)";
			sourceTree = "<group>";
		};
		D4F55D511D0E98250017638B /* Mode(模型) */ = {
			isa = PBXGroup;
			children = (
				D4C1284F1D178C1D00561CB3 /* GoodModel.swift */,
				D44135E81D1A758700072099 /* AddressModel.swift */,
				D49CEADA1D240C59003D2737 /* Helpers.swift */,
				D404DDDD1D434FA5003586C4 /* IndentCellModel.swift */,
			);
			name = "Mode(模型)";
			sourceTree = "<group>";
		};
		D4F852111D37EA11003888A4 /* iconbtn */ = {
			isa = PBXGroup;
			children = (
				D4F852121D37EA65003888A4 /* IconBtn.swift */,
				D4F852141D37EA81003888A4 /* IconBtn.xib */,
			);
			name = iconbtn;
			sourceTree = "<group>";
		};
/* End PBXGroup section */

/* Begin PBXNativeTarget section */
		D4F55D2C1D0E5D8A0017638B /* smart_life */ = {
			isa = PBXNativeTarget;
			buildConfigurationList = D4F55D411D0E5D8A0017638B /* Build configuration list for PBXNativeTarget "smart_life" */;
			buildPhases = (
				AB5A584DAA968840D808A5F0 /* [CP] Check Pods Manifest.lock */,
				D4F55D291D0E5D8A0017638B /* Sources */,
				D4F55D2A1D0E5D8A0017638B /* Frameworks */,
				D4F55D2B1D0E5D8A0017638B /* Resources */,
				10BB84705D47AA8B8027CA81 /* [CP] Embed Pods Frameworks */,
				56B677C06A851B589AA24945 /* [CP] Copy Pods Resources */,
			);
			buildRules = (
			);
			dependencies = (
			);
			name = smart_life;
			productName = smart_life;
			productReference = D4F55D2D1D0E5D8A0017638B /* smart_life.app */;
			productType = "com.apple.product-type.application";
		};
/* End PBXNativeTarget section */

/* Begin PBXProject section */
		D4F55D251D0E5D8A0017638B /* Project object */ = {
			isa = PBXProject;
			attributes = {
				LastSwiftUpdateCheck = 0730;
				LastUpgradeCheck = 0730;
				ORGANIZATIONNAME = "张留刚";
				TargetAttributes = {
					D4F55D2C1D0E5D8A0017638B = {
						CreatedOnToolsVersion = 7.3.1;
						DevelopmentTeam = 94947R3XUQ;
					};
				};
			};
			buildConfigurationList = D4F55D281D0E5D8A0017638B /* Build configuration list for PBXProject "smart_life" */;
			compatibilityVersion = "Xcode 3.2";
			developmentRegion = English;
			hasScannedForEncodings = 0;
			knownRegions = (
				en,
				Base,
			);
			mainGroup = D4F55D241D0E5D8A0017638B;
			productRefGroup = D4F55D2E1D0E5D8A0017638B /* Products */;
			projectDirPath = "";
			projectRoot = "";
			targets = (
				D4F55D2C1D0E5D8A0017638B /* smart_life */,
			);
		};
/* End PBXProject section */

/* Begin PBXResourcesBuildPhase section */
		D4F55D2B1D0E5D8A0017638B /* Resources */ = {
			isa = PBXResourcesBuildPhase;
			buildActionMask = 2147483647;
			files = (
				D404DDF81D464910003586C4 /* alertFrameS.xib in Resources */,
				D46DBB1B1D2B819C009519A0 /* HomeTabCollectionViewCell4.xib in Resources */,
				D4F55D3D1D0E5D8A0017638B /* LaunchScreen.storyboard in Resources */,
				D406F4871D3F22AD00236EA6 /* alertFrame.xib in Resources */,
				D46DBB151D2B8174009519A0 /* HomeTabCollectionViewCell3.xib in Resources */,
				D46DBB1F1D2B81AB009519A0 /* HomeTabCollectionViewCell5.xib in Resources */,
				D46DBB2B1D2B8274009519A0 /* HomeTabCollectionViewCell6.xib in Resources */,
				D4B43AD01D3725450023887E /* OrderBtn.xib in Resources */,
				D46DBB0F1D2B8135009519A0 /* HomeTabCollectionViewCell2.xib in Resources */,
				D46DBB251D2B81C7009519A0 /* HomeTabCollectionViewCell7.xib in Resources */,
				D46DBB2F1D2B8288009519A0 /* HomeTabCollectionViewCell8.xib in Resources */,
				D406F4841D3F1BFC00236EA6 /* OrderBtnTwo.xib in Resources */,
				D4C128461D13E1C800561CB3 /* HomeTabCollectionViewCell.xib in Resources */,
				D4F852151D37EA81003888A4 /* IconBtn.xib in Resources */,
				D41ADD9F1D38146600534E6A /* MyCell.xib in Resources */,
				D404DDE31D446503003586C4 /* address.plist in Resources */,
				D404DDF11D459CF2003586C4 /* form.xib in Resources */,
				D4F55D3A1D0E5D8A0017638B /* Assets.xcassets in Resources */,
				D4F55D381D0E5D8A0017638B /* Main.storyboard in Resources */,
			);
			runOnlyForDeploymentPostprocessing = 0;
		};
/* End PBXResourcesBuildPhase section */

/* Begin PBXShellScriptBuildPhase section */
		10BB84705D47AA8B8027CA81 /* [CP] Embed Pods Frameworks */ = {
			isa = PBXShellScriptBuildPhase;
			buildActionMask = 2147483647;
			files = (
			);
			inputPaths = (
			);
			name = "[CP] Embed Pods Frameworks";
			outputPaths = (
			);
			runOnlyForDeploymentPostprocessing = 0;
			shellPath = /bin/sh;
			shellScript = "\"${SRCROOT}/Pods/Target Support Files/Pods-smart_life/Pods-smart_life-frameworks.sh\"\n";
			showEnvVarsInLog = 0;
		};
		56B677C06A851B589AA24945 /* [CP] Copy Pods Resources */ = {
			isa = PBXShellScriptBuildPhase;
			buildActionMask = 2147483647;
			files = (
			);
			inputPaths = (
			);
			name = "[CP] Copy Pods Resources";
			outputPaths = (
			);
			runOnlyForDeploymentPostprocessing = 0;
			shellPath = /bin/sh;
			shellScript = "\"${SRCROOT}/Pods/Target Support Files/Pods-smart_life/Pods-smart_life-resources.sh\"\n";
			showEnvVarsInLog = 0;
		};
		AB5A584DAA968840D808A5F0 /* [CP] Check Pods Manifest.lock */ = {
			isa = PBXShellScriptBuildPhase;
			buildActionMask = 2147483647;
			files = (
			);
			inputPaths = (
			);
			name = "[CP] Check Pods Manifest.lock";
			outputPaths = (
			);
			runOnlyForDeploymentPostprocessing = 0;
			shellPath = /bin/sh;
			shellScript = "diff \"${PODS_ROOT}/../Podfile.lock\" \"${PODS_ROOT}/Manifest.lock\" > /dev/null\nif [[ $? != 0 ]] ; then\n    cat << EOM\nerror: The sandbox is not in sync with the Podfile.lock. Run 'pod install' or update your CocoaPods installation.\nEOM\n    exit 1\nfi\n";
			showEnvVarsInLog = 0;
		};
/* End PBXShellScriptBuildPhase section */

/* Begin PBXSourcesBuildPhase section */
		D4F55D291D0E5D8A0017638B /* Sources */ = {
			isa = PBXSourcesBuildPhase;
			buildActionMask = 2147483647;
			files = (
				D404DDEC1D44FB6B003586C4 /* SignUpViewController.swift in Sources */,
				D4F852171D380184003888A4 /* HomeServerViewController.swift in Sources */,
				D4B43AB61D35D6F80023887E /* HealthPart2ViewController.swift in Sources */,
				D46DBB0E1D2B8135009519A0 /* HomeTabCollectionViewCell2.swift in Sources */,
				D4F852191D3802EF003888A4 /* MyInfoViewController.swift in Sources */,
				D404DDDC1D427CAF003586C4 /* PayViewController.swift in Sources */,
				D404DDDE1D434FA5003586C4 /* IndentCellModel.swift in Sources */,
				D4486ECB1D38965500BB8984 /* MyOrderTableViewController.swift in Sources */,
				D4B43AD71D374D090023887E /* ITPart1ViewController.swift in Sources */,
				D4F852101D379B34003888A4 /* NewProductViewController.swift in Sources */,
				D4B43AB41D35D6E60023887E /* HealthPart1ViewController.swift in Sources */,
				D44135E71D1A749400072099 /* AddressTableViewController.swift in Sources */,
				D4F55D551D0EE5040017638B /* CirCleView.swift in Sources */,
				D4B43ACC1D3724910023887E /* OrderBtn.swift in Sources */,
				D4748B211D30A103002B9179 /* HomeController.swift in Sources */,
				D4F55D4E1D0E97CF0017638B /* ProfileViewController.swift in Sources */,
				D417C4271D2108BB00955C30 /* WaterFlowViewController.swift in Sources */,
				D49CEADB1D240C59003D2737 /* Helpers.swift in Sources */,
				D4B43ABD1D3645490023887E /* HealthPart2TableViewCell.swift in Sources */,
				D404DDEA1D44FB5C003586C4 /* SignInViewController.swift in Sources */,
				D4486ECE1D3899FF00BB8984 /* MyOrderTableViewCell.swift in Sources */,
				D406F4891D3F22C500236EA6 /* alertFrame.swift in Sources */,
				D4B43AD51D373BD00023887E /* FitnessTableViewCell.swift in Sources */,
				D4F55D351D0E5D8A0017638B /* HeartBitViewController.swift in Sources */,
				D404DDD51D4263E9003586C4 /* IndentViewController.swift in Sources */,
				D4EC0CA91D3DC6BB00E2464F /* UserAvatraTableViewCell.swift in Sources */,
				D44135E91D1A758700072099 /* AddressModel.swift in Sources */,
				D41ADD9D1D38145000534E6A /* MyCell.swift in Sources */,
				D4F8520C1D37975D003888A4 /* HomeFurnishingPart1ViewController.swift in Sources */,
				D46DBB241D2B81C7009519A0 /* HomeTabCollectionViewCell7.swift in Sources */,
				D4486ED31D389D6900BB8984 /* MyIndentTableViewCell.swift in Sources */,
				D404DDEF1D459CC0003586C4 /* form.swift in Sources */,
				D4B43ABF1D368B760023887E /* HealthPart3TableViewCell.swift in Sources */,
				D46DBB2A1D2B8274009519A0 /* HomeTabCollectionViewCell6.swift in Sources */,
				D46DBB1E1D2B81AB009519A0 /* HomeTabCollectionViewCell5.swift in Sources */,
				D4B43AD91D374D900023887E /* ITPart2ViewController.swift in Sources */,
				D48B2BFF1D405D34003208DB /* GoodsDetailViewController.swift in Sources */,
				D4B43AC11D3695C20023887E /* FitnessTableViewController.swift in Sources */,
				D404DDFA1D46575E003586C4 /* DealViewController.swift in Sources */,
				D4C128561D1794A100561CB3 /* GoodListCell.swift in Sources */,
				D46DBB2E1D2B8288009519A0 /* HomeTabCollectionViewCell8.swift in Sources */,
				D4F55D311D0E5D8A0017638B /* AppDelegate.swift in Sources */,
				D4C1283C1D11843900561CB3 /* ShoppingCartViewController.swift in Sources */,
				D4F55D331D0E5D8A0017638B /* HomeViewController.swift in Sources */,
				D4486ED01D389D4D00BB8984 /* MyIndentTableViewController.swift in Sources */,
				D46DBB1A1D2B819C009519A0 /* HomeTabCollectionViewCell4.swift in Sources */,
				D4B43ABA1D3615B70023887E /* CommunityViewController.swift in Sources */,
				D406F4821D3F1B9B00236EA6 /* OrderBtnTwo.swift in Sources */,
				D4B43ADB1D374DA00023887E /* ITPart3ViewController.swift in Sources */,
				D4B43AD31D372BEC0023887E /* NibDesignable.swift in Sources */,
				D44135E51D1A5C4500072099 /* UIView+BHBFreeBorder.swift in Sources */,
				D4F8520E1D379779003888A4 /* HomeFurnishingPart2ViewController.swift in Sources */,
				D404DDF61D4648F6003586C4 /* alertFrameS.swift in Sources */,
				D491F1D51D3C6AE100D7FA11 /* MyDataTableViewController.swift in Sources */,
				D404DDE71D44AEF1003586C4 /* addressPlot.swift in Sources */,
				D404DDF41D45C632003586C4 /* ClauseViewController.swift in Sources */,
				D4F55D451D0E93C70017638B /* MainViewController.swift in Sources */,
				D4C128501D178C1D00561CB3 /* GoodModel.swift in Sources */,
				D404DDE11D43C89F003586C4 /* NewAddressViewController.swift in Sources */,
				D404DDD71D4268BD003586C4 /* IndentCell.swift in Sources */,
				D44135DE1D1927DB00072099 /* ListTableViewController.swift in Sources */,
				D4C128451D13E1C800561CB3 /* HomeTabCollectionViewCell.swift in Sources */,
				D4B43AB81D35D7090023887E /* HealthPart3ViewController.swift in Sources */,
				D4F852131D37EA65003888A4 /* IconBtn.swift in Sources */,
				D4C128541D17909B00561CB3 /* GoodsListTableViewController.swift in Sources */,
				D46DBB141D2B8174009519A0 /* HomeTabCollectionViewCell3.swift in Sources */,
				D4F55D4C1D0E97AD0017638B /* GroupViewController.swift in Sources */,
				D46DBB371D2BA0C7009519A0 /* HomeCollectionViewController.swift in Sources */,
				D44135E31D1A3A5400072099 /* AddressCell.swift in Sources */,
				D4C1284E1D15A4B100561CB3 /* ShoppingCartCell.swift in Sources */,
			);
			runOnlyForDeploymentPostprocessing = 0;
		};
/* End PBXSourcesBuildPhase section */

/* Begin PBXVariantGroup section */
		D4F55D361D0E5D8A0017638B /* Main.storyboard */ = {
			isa = PBXVariantGroup;
			children = (
				D4F55D371D0E5D8A0017638B /* Base */,
			);
			name = Main.storyboard;
			sourceTree = "<group>";
		};
		D4F55D3B1D0E5D8A0017638B /* LaunchScreen.storyboard */ = {
			isa = PBXVariantGroup;
			children = (
				D4F55D3C1D0E5D8A0017638B /* Base */,
			);
			name = LaunchScreen.storyboard;
			sourceTree = "<group>";
		};
/* End PBXVariantGroup section */

/* Begin XCBuildConfiguration section */
		D4F55D3F1D0E5D8A0017638B /* Debug */ = {
			isa = XCBuildConfiguration;
			buildSettings = {
				ALWAYS_SEARCH_USER_PATHS = NO;
				CLANG_ANALYZER_NONNULL = YES;
				CLANG_CXX_LANGUAGE_STANDARD = "gnu++0x";
				CLANG_CXX_LIBRARY = "libc++";
				CLANG_ENABLE_MODULES = YES;
				CLANG_ENABLE_OBJC_ARC = YES;
				CLANG_WARN_BOOL_CONVERSION = YES;
				CLANG_WARN_CONSTANT_CONVERSION = YES;
				CLANG_WARN_DIRECT_OBJC_ISA_USAGE = YES_ERROR;
				CLANG_WARN_EMPTY_BODY = YES;
				CLANG_WARN_ENUM_CONVERSION = YES;
				CLANG_WARN_INT_CONVERSION = YES;
				CLANG_WARN_OBJC_ROOT_CLASS = YES_ERROR;
				CLANG_WARN_UNREACHABLE_CODE = YES;
				CLANG_WARN__DUPLICATE_METHOD_MATCH = YES;
				"CODE_SIGN_IDENTITY[sdk=iphoneos*]" = "iPhone Developer";
				COPY_PHASE_STRIP = NO;
				DEBUG_INFORMATION_FORMAT = dwarf;
				ENABLE_STRICT_OBJC_MSGSEND = YES;
				ENABLE_TESTABILITY = YES;
				GCC_C_LANGUAGE_STANDARD = gnu99;
				GCC_DYNAMIC_NO_PIC = NO;
				GCC_NO_COMMON_BLOCKS = YES;
				GCC_OPTIMIZATION_LEVEL = 0;
				GCC_PREPROCESSOR_DEFINITIONS = (
					"DEBUG=1",
					"$(inherited)",
				);
				GCC_WARN_64_TO_32_BIT_CONVERSION = YES;
				GCC_WARN_ABOUT_RETURN_TYPE = YES_ERROR;
				GCC_WARN_UNDECLARED_SELECTOR = YES;
				GCC_WARN_UNINITIALIZED_AUTOS = YES_AGGRESSIVE;
				GCC_WARN_UNUSED_FUNCTION = YES;
				GCC_WARN_UNUSED_VARIABLE = YES;
				IPHONEOS_DEPLOYMENT_TARGET = 9.3;
				MTL_ENABLE_DEBUG_INFO = YES;
				ONLY_ACTIVE_ARCH = YES;
				SDKROOT = iphoneos;
				SWIFT_OPTIMIZATION_LEVEL = "-Onone";
			};
			name = Debug;
		};
		D4F55D401D0E5D8A0017638B /* Release */ = {
			isa = XCBuildConfiguration;
			buildSettings = {
				ALWAYS_SEARCH_USER_PATHS = NO;
				CLANG_ANALYZER_NONNULL = YES;
				CLANG_CXX_LANGUAGE_STANDARD = "gnu++0x";
				CLANG_CXX_LIBRARY = "libc++";
				CLANG_ENABLE_MODULES = YES;
				CLANG_ENABLE_OBJC_ARC = YES;
				CLANG_WARN_BOOL_CONVERSION = YES;
				CLANG_WARN_CONSTANT_CONVERSION = YES;
				CLANG_WARN_DIRECT_OBJC_ISA_USAGE = YES_ERROR;
				CLANG_WARN_EMPTY_BODY = YES;
				CLANG_WARN_ENUM_CONVERSION = YES;
				CLANG_WARN_INT_CONVERSION = YES;
				CLANG_WARN_OBJC_ROOT_CLASS = YES_ERROR;
				CLANG_WARN_UNREACHABLE_CODE = YES;
				CLANG_WARN__DUPLICATE_METHOD_MATCH = YES;
				"CODE_SIGN_IDENTITY[sdk=iphoneos*]" = "iPhone Developer";
				COPY_PHASE_STRIP = NO;
				DEBUG_INFORMATION_FORMAT = "dwarf-with-dsym";
				ENABLE_NS_ASSERTIONS = NO;
				ENABLE_STRICT_OBJC_MSGSEND = YES;
				GCC_C_LANGUAGE_STANDARD = gnu99;
				GCC_NO_COMMON_BLOCKS = YES;
				GCC_WARN_64_TO_32_BIT_CONVERSION = YES;
				GCC_WARN_ABOUT_RETURN_TYPE = YES_ERROR;
				GCC_WARN_UNDECLARED_SELECTOR = YES;
				GCC_WARN_UNINITIALIZED_AUTOS = YES_AGGRESSIVE;
				GCC_WARN_UNUSED_FUNCTION = YES;
				GCC_WARN_UNUSED_VARIABLE = YES;
				IPHONEOS_DEPLOYMENT_TARGET = 9.3;
				MTL_ENABLE_DEBUG_INFO = NO;
				SDKROOT = iphoneos;
				VALIDATE_PRODUCT = YES;
			};
			name = Release;
		};
		D4F55D421D0E5D8A0017638B /* Debug */ = {
			isa = XCBuildConfiguration;
			baseConfigurationReference = 9886A503F36A9D70E0E98C37 /* Pods-smart_life.debug.xcconfig */;
			buildSettings = {
				ASSETCATALOG_COMPILER_APPICON_NAME = AppIcon;
				CODE_SIGN_IDENTITY = "iPhone Distribution";
				"CODE_SIGN_IDENTITY[sdk=iphoneos*]" = "iPhone Developer";
				INFOPLIST_FILE = smart_life/Info.plist;
				IPHONEOS_DEPLOYMENT_TARGET = 9.0;
				LD_RUNPATH_SEARCH_PATHS = "$(inherited) @executable_path/Frameworks";
				PRODUCT_BUNDLE_IDENTIFIER = "cn.dtby.smart-life";
				PRODUCT_NAME = "$(TARGET_NAME)";
				PROVISIONING_PROFILE = "";
				SWIFT_OBJC_BRIDGING_HEADER = Header_bradge.h;
			};
			name = Debug;
		};
		D4F55D431D0E5D8A0017638B /* Release */ = {
			isa = XCBuildConfiguration;
			baseConfigurationReference = 23E2D602F7284D3BAFD02378 /* Pods-smart_life.release.xcconfig */;
			buildSettings = {
				ASSETCATALOG_COMPILER_APPICON_NAME = AppIcon;
				CODE_SIGN_IDENTITY = "iPhone Distribution";
				"CODE_SIGN_IDENTITY[sdk=iphoneos*]" = "iPhone Developer";
				INFOPLIST_FILE = smart_life/Info.plist;
				IPHONEOS_DEPLOYMENT_TARGET = 9.0;
				LD_RUNPATH_SEARCH_PATHS = "$(inherited) @executable_path/Frameworks";
				PRODUCT_BUNDLE_IDENTIFIER = "cn.dtby.smart-life";
				PRODUCT_NAME = "$(TARGET_NAME)";
				PROVISIONING_PROFILE = "";
				SWIFT_OBJC_BRIDGING_HEADER = Header_bradge.h;
			};
			name = Release;
		};
/* End XCBuildConfiguration section */

/* Begin XCConfigurationList section */
		D4F55D281D0E5D8A0017638B /* Build configuration list for PBXProject "smart_life" */ = {
			isa = XCConfigurationList;
			buildConfigurations = (
				D4F55D3F1D0E5D8A0017638B /* Debug */,
				D4F55D401D0E5D8A0017638B /* Release */,
			);
			defaultConfigurationIsVisible = 0;
			defaultConfigurationName = Release;
		};
		D4F55D411D0E5D8A0017638B /* Build configuration list for PBXNativeTarget "smart_life" */ = {
			isa = XCConfigurationList;
			buildConfigurations = (
				D4F55D421D0E5D8A0017638B /* Debug */,
				D4F55D431D0E5D8A0017638B /* Release */,
			);
			defaultConfigurationIsVisible = 0;
			defaultConfigurationName = Release;
		};
/* End XCConfigurationList section */
	};
	rootObject = D4F55D251D0E5D8A0017638B /* Project object */;
}
